
Microsoft Visual Studio Solution File, Format Version 12.00
# Visual Studio 15
VisualStudioVersion = 15.0.26730.10
MinimumVisualStudioVersion = 10.0.40219.1
Project("{FAE04EC0-301F-11D3-BF4B-00C04F79EFBC}") = "Coinpanic.com", "coinpanic_airdrop\Coinpanic.com.csproj", "{E3381E4F-B702-49F3-8F60-767C343EC3AF}"
EndProject
Project("{FAE04EC0-301F-11D3-BF4B-00C04F79EFBC}") = "CoinpanicSignTxUI", "CoinpanicSignTx\CoinpanicSignTxUI.csproj", "{BD8821CA-4EF1-4EC3-9FD0-E94D9162DA7D}"
EndProject
Project("{FAE04EC0-301F-11D3-BF4B-00C04F79EFBC}") = "NodeInterface", "NodeInterface\NodeInterface.csproj", "{B68BAF38-69F7-4F43-9D70-96A6869C948D}"
EndProject
Project("{FAE04EC0-301F-11D3-BF4B-00C04F79EFBC}") = "CoinpanicLib", "CoinpanicLib\CoinpanicLib.csproj", "{1500A165-F8C4-415C-9AC7-9166C8B1FF0E}"
EndProject
Project("{FAE04EC0-301F-11D3-BF4B-00C04F79EFBC}") = "Coinpanic.Tests", "Coinpanic.Tests\Coinpanic.Tests.csproj", "{1795185D-0ED7-4589-80DE-FA2F2A036DCC}"
EndProject
Project("{FAE04EC0-301F-11D3-BF4B-00C04F79EFBC}") = "SignTxOffline", "..\CoinpanicSign\CoinpanicSignTx\SignTxOffline.csproj", "{44CC2BBF-7ADB-4401-9025-1BF52E073F15}"
EndProject
Project("{9A19103F-16F7-4668-BE54-9A1E7A4F7556}") = "NBitcoin", "..\CoinpanicSign\NBitcoin\NBitcoin\NBitcoin.csproj", "{A3A29F71-3FF4-4817-9CFB-CE4B59A2BD9B}"
EndProject
Project("{FAE04EC0-301F-11D3-BF4B-00C04F79EFBC}") = "CoinpanicSign", "..\CoinpanicSign\CoinpanicSign\CoinpanicSign.csproj", "{D1E3C132-B378-4A4C-8660-4D2303552882}"
EndProject
Project("{FAE04EC0-301F-11D3-BF4B-00C04F79EFBC}") = "SignTxOffline.Tests", "..\CoinpanicSign\SignTxOffline.Tests\SignTxOffline.Tests.csproj", "{AD4DFD8A-0AF7-4BB7-A1F9-38EEAAB7E9C1}"
EndProject
Project("{FAE04EC0-301F-11D3-BF4B-00C04F79EFBC}") = "LightningLib.Tests", "LightningNetworkTests\LightningLib.Tests.csproj", "{1895BAE9-1828-46D1-895C-282199CA3B06}"
EndProject
Project("{FAE04EC0-301F-11D3-BF4B-00C04F79EFBC}") = "LightningLib", "LightningLib\LightningLib.csproj", "{824D15C2-A623-46D0-A45E-CF152E97C025}"
EndProject
Global
	GlobalSection(SolutionConfigurationPlatforms) = preSolution
		Debug|Any CPU = Debug|Any CPU
		Release|Any CPU = Release|Any CPU
		ReleaseLinux|Any CPU = ReleaseLinux|Any CPU
	EndGlobalSection
	GlobalSection(ProjectConfigurationPlatforms) = postSolution
		{E3381E4F-B702-49F3-8F60-767C343EC3AF}.Debug|Any CPU.ActiveCfg = Debug|Any CPU
		{E3381E4F-B702-49F3-8F60-767C343EC3AF}.Debug|Any CPU.Build.0 = Debug|Any CPU
		{E3381E4F-B702-49F3-8F60-767C343EC3AF}.Release|Any CPU.ActiveCfg = Release|Any CPU
		{E3381E4F-B702-49F3-8F60-767C343EC3AF}.Release|Any CPU.Build.0 = Release|Any CPU
		{E3381E4F-B702-49F3-8F60-767C343EC3AF}.ReleaseLinux|Any CPU.ActiveCfg = Release|Any CPU
		{E3381E4F-B702-49F3-8F60-767C343EC3AF}.ReleaseLinux|Any CPU.Build.0 = Release|Any CPU
		{BD8821CA-4EF1-4EC3-9FD0-E94D9162DA7D}.Debug|Any CPU.ActiveCfg = Debug|Any CPU
		{BD8821CA-4EF1-4EC3-9FD0-E94D9162DA7D}.Debug|Any CPU.Build.0 = Debug|Any CPU
		{BD8821CA-4EF1-4EC3-9FD0-E94D9162DA7D}.Release|Any CPU.ActiveCfg = Release|Any CPU
		{BD8821CA-4EF1-4EC3-9FD0-E94D9162DA7D}.Release|Any CPU.Build.0 = Release|Any CPU
		{BD8821CA-4EF1-4EC3-9FD0-E94D9162DA7D}.ReleaseLinux|Any CPU.ActiveCfg = Release|Any CPU
		{BD8821CA-4EF1-4EC3-9FD0-E94D9162DA7D}.ReleaseLinux|Any CPU.Build.0 = Release|Any CPU
		{B68BAF38-69F7-4F43-9D70-96A6869C948D}.Debug|Any CPU.ActiveCfg = Debug|Any CPU
		{B68BAF38-69F7-4F43-9D70-96A6869C948D}.Debug|Any CPU.Build.0 = Debug|Any CPU
		{B68BAF38-69F7-4F43-9D70-96A6869C948D}.Release|Any CPU.ActiveCfg = Release|Any CPU
		{B68BAF38-69F7-4F43-9D70-96A6869C948D}.Release|Any CPU.Build.0 = Release|Any CPU
		{B68BAF38-69F7-4F43-9D70-96A6869C948D}.ReleaseLinux|Any CPU.ActiveCfg = Release|Any CPU
		{B68BAF38-69F7-4F43-9D70-96A6869C948D}.ReleaseLinux|Any CPU.Build.0 = Release|Any CPU
		{1500A165-F8C4-415C-9AC7-9166C8B1FF0E}.Debug|Any CPU.ActiveCfg = Debug|Any CPU
		{1500A165-F8C4-415C-9AC7-9166C8B1FF0E}.Debug|Any CPU.Build.0 = Debug|Any CPU
		{1500A165-F8C4-415C-9AC7-9166C8B1FF0E}.Release|Any CPU.ActiveCfg = Release|Any CPU
		{1500A165-F8C4-415C-9AC7-9166C8B1FF0E}.Release|Any CPU.Build.0 = Release|Any CPU
		{1500A165-F8C4-415C-9AC7-9166C8B1FF0E}.ReleaseLinux|Any CPU.ActiveCfg = Release|Any CPU
		{1500A165-F8C4-415C-9AC7-9166C8B1FF0E}.ReleaseLinux|Any CPU.Build.0 = Release|Any CPU
		{1795185D-0ED7-4589-80DE-FA2F2A036DCC}.Debug|Any CPU.ActiveCfg = Debug|Any CPU
		{1795185D-0ED7-4589-80DE-FA2F2A036DCC}.Debug|Any CPU.Build.0 = Debug|Any CPU
		{1795185D-0ED7-4589-80DE-FA2F2A036DCC}.Release|Any CPU.ActiveCfg = Release|Any CPU
		{1795185D-0ED7-4589-80DE-FA2F2A036DCC}.Release|Any CPU.Build.0 = Release|Any CPU
		{1795185D-0ED7-4589-80DE-FA2F2A036DCC}.ReleaseLinux|Any CPU.ActiveCfg = Release|Any CPU
		{1795185D-0ED7-4589-80DE-FA2F2A036DCC}.ReleaseLinux|Any CPU.Build.0 = Release|Any CPU
		{44CC2BBF-7ADB-4401-9025-1BF52E073F15}.Debug|Any CPU.ActiveCfg = Debug|Any CPU
		{44CC2BBF-7ADB-4401-9025-1BF52E073F15}.Debug|Any CPU.Build.0 = Debug|Any CPU
		{44CC2BBF-7ADB-4401-9025-1BF52E073F15}.Release|Any CPU.ActiveCfg = Release|Any CPU
		{44CC2BBF-7ADB-4401-9025-1BF52E073F15}.Release|Any CPU.Build.0 = Release|Any CPU
		{44CC2BBF-7ADB-4401-9025-1BF52E073F15}.ReleaseLinux|Any CPU.ActiveCfg = ReleaseLinux|Any CPU
		{44CC2BBF-7ADB-4401-9025-1BF52E073F15}.ReleaseLinux|Any CPU.Build.0 = ReleaseLinux|Any CPU
		{A3A29F71-3FF4-4817-9CFB-CE4B59A2BD9B}.Debug|Any CPU.ActiveCfg = Debug|Any CPU
		{A3A29F71-3FF4-4817-9CFB-CE4B59A2BD9B}.Debug|Any CPU.Build.0 = Debug|Any CPU
		{A3A29F71-3FF4-4817-9CFB-CE4B59A2BD9B}.Release|Any CPU.ActiveCfg = Release|Any CPU
		{A3A29F71-3FF4-4817-9CFB-CE4B59A2BD9B}.Release|Any CPU.Build.0 = Release|Any CPU
		{A3A29F71-3FF4-4817-9CFB-CE4B59A2BD9B}.ReleaseLinux|Any CPU.ActiveCfg = Release|Any CPU
		{A3A29F71-3FF4-4817-9CFB-CE4B59A2BD9B}.ReleaseLinux|Any CPU.Build.0 = Release|Any CPU
		{D1E3C132-B378-4A4C-8660-4D2303552882}.Debug|Any CPU.ActiveCfg = Debug|Any CPU
		{D1E3C132-B378-4A4C-8660-4D2303552882}.Debug|Any CPU.Build.0 = Debug|Any CPU
		{D1E3C132-B378-4A4C-8660-4D2303552882}.Release|Any CPU.ActiveCfg = Release|Any CPU
		{D1E3C132-B378-4A4C-8660-4D2303552882}.Release|Any CPU.Build.0 = Release|Any CPU
		{D1E3C132-B378-4A4C-8660-4D2303552882}.ReleaseLinux|Any CPU.ActiveCfg = Release|Any CPU
		{D1E3C132-B378-4A4C-8660-4D2303552882}.ReleaseLinux|Any CPU.Build.0 = Release|Any CPU
		{AD4DFD8A-0AF7-4BB7-A1F9-38EEAAB7E9C1}.Debug|Any CPU.ActiveCfg = Debug|Any CPU
		{AD4DFD8A-0AF7-4BB7-A1F9-38EEAAB7E9C1}.Debug|Any CPU.Build.0 = Debug|Any CPU
		{AD4DFD8A-0AF7-4BB7-A1F9-38EEAAB7E9C1}.Release|Any CPU.ActiveCfg = Release|Any CPU
		{AD4DFD8A-0AF7-4BB7-A1F9-38EEAAB7E9C1}.Release|Any CPU.Build.0 = Release|Any CPU
		{AD4DFD8A-0AF7-4BB7-A1F9-38EEAAB7E9C1}.ReleaseLinux|Any CPU.ActiveCfg = Release|Any CPU
		{AD4DFD8A-0AF7-4BB7-A1F9-38EEAAB7E9C1}.ReleaseLinux|Any CPU.Build.0 = Release|Any CPU
		{1895BAE9-1828-46D1-895C-282199CA3B06}.Debug|Any CPU.ActiveCfg = Debug|Any CPU
		{1895BAE9-1828-46D1-895C-282199CA3B06}.Debug|Any CPU.Build.0 = Debug|Any CPU
		{1895BAE9-1828-46D1-895C-282199CA3B06}.Release|Any CPU.ActiveCfg = Release|Any CPU
		{1895BAE9-1828-46D1-895C-282199CA3B06}.Release|Any CPU.Build.0 = Release|Any CPU
		{1895BAE9-1828-46D1-895C-282199CA3B06}.ReleaseLinux|Any CPU.ActiveCfg = Release|Any CPU
		{1895BAE9-1828-46D1-895C-282199CA3B06}.ReleaseLinux|Any CPU.Build.0 = Release|Any CPU
		{824D15C2-A623-46D0-A45E-CF152E97C025}.Debug|Any CPU.ActiveCfg = Debug|Any CPU
		{824D15C2-A623-46D0-A45E-CF152E97C025}.Debug|Any CPU.Build.0 = Debug|Any CPU
		{824D15C2-A623-46D0-A45E-CF152E97C025}.Release|Any CPU.ActiveCfg = Release|Any CPU
		{824D15C2-A623-46D0-A45E-CF152E97C025}.Release|Any CPU.Build.0 = Release|Any CPU
		{824D15C2-A623-46D0-A45E-CF152E97C025}.ReleaseLinux|Any CPU.ActiveCfg = Release|Any CPU
		{824D15C2-A623-46D0-A45E-CF152E97C025}.ReleaseLinux|Any CPU.Build.0 = Release|Any CPU
	EndGlobalSection
	GlobalSection(SolutionProperties) = preSolution
		HideSolutionNode = FALSE
	EndGlobalSection
	GlobalSection(ExtensibilityGlobals) = postSolution
		SolutionGuid = {8335E730-DEB4-4BB6-B49E-649CD26738CF}
	EndGlobalSection
EndGlobal
